
Microsoft Visual Studio Solution File, Format Version 12.00
# Visual Studio Version 17
VisualStudioVersion = 17.12.35521.163 d17.12
MinimumVisualStudioVersion = 10.0.40219.1
Project("{9A19103F-16F7-4668-BE54-9A1E7A4F7556}") = "PSO2 Salon Tool", "Character Making File Tool\PSO2 Salon Tool.csproj", "{8D9FAAF9-1438-4FD8-B229-98B494E236FB}"
EndProject
Project("{9A19103F-16F7-4668-BE54-9A1E7A4F7556}") = "CharFileLibrary", "CharFileLibrary\CharFileLibrary.csproj", "{916EE3EF-E220-4938-8299-B8F966C0FE83}"
EndProject
Project("{9A19103F-16F7-4668-BE54-9A1E7A4F7556}") = "NGS Salon Tool", "NGS Salon Tool\NGS Salon Tool.csproj", "{AEDF0E12-58A3-482F-8369-9080E59A37FB}"
EndProject
Project("{2150E333-8FDC-42A3-9474-1A3956D46DE8}") = "Solution Items", "Solution Items", "{60026F3B-674E-49BC-BA3C-44574BCF80E0}"
	ProjectSection(SolutionItems) = preProject
		.editorconfig = .editorconfig
	EndProjectSection
EndProject
Project("{FAE04EC0-301F-11D3-BF4B-00C04F79EFBC}") = "AquaModelLibrary.Core", "PSO2-Aqua-Library\AquaModelLibrary.Core\AquaModelLibrary.Core.csproj", "{044E9BAB-413F-40C8-BC36-FDACD7BF5847}"
EndProject
Project("{FAE04EC0-301F-11D3-BF4B-00C04F79EFBC}") = "AquaModelLibrary.Data", "PSO2-Aqua-Library\AquaModelLibrary.Data\AquaModelLibrary.Data.csproj", "{B8C43761-D34C-432D-B4EE-7DABCC3F9E76}"
EndProject
Project("{FAE04EC0-301F-11D3-BF4B-00C04F79EFBC}") = "AquaModelLibrary.Helpers", "PSO2-Aqua-Library\AquaModelLibrary.Helpers\AquaModelLibrary.Helpers.csproj", "{9F43B698-E77F-4102-9393-BFF1B59DD815}"
EndProject
Project("{8BC9CEB8-8B4A-11D0-8D11-00A0C91BC942}") = "AquaModelLibrary.Native", "PSO2-Aqua-Library\AquaModelLibrary.Native\AquaModelLibrary.Native.vcxproj", "{2C3B66BB-F1A9-4513-AB63-570D7687C6A7}"
EndProject
Project("{FAE04EC0-301F-11D3-BF4B-00C04F79EFBC}") = "ArchiveLib", "PSO2-Aqua-Library\SAToolsShared\ArchiveLib\ArchiveLib.csproj", "{7FF18677-9BDF-4146-B4EE-2EF665A08A47}"
EndProject
Project("{FAE04EC0-301F-11D3-BF4B-00C04F79EFBC}") = "VrSharp", "PSO2-Aqua-Library\SAToolsShared\VrSharp\VrSharp.csproj", "{A2D77984-D848-4CBA-9661-2DB2E29155A3}"
EndProject
Project("{FAE04EC0-301F-11D3-BF4B-00C04F79EFBC}") = "SoulsFormats", "PSO2-Aqua-Library\SoulsFormatsNEXT\SoulsFormats\SoulsFormats.csproj", "{482AD58E-BA58-4F92-8180-F41DFA71264E}"
EndProject
Project("{FAE04EC0-301F-11D3-BF4B-00C04F79EFBC}") = "UnluacNET", "PSO2-Aqua-Library\UnluacNET\UnluacNET.csproj", "{61866A10-B08B-4053-9714-AD997608F493}"
EndProject
Project("{FAE04EC0-301F-11D3-BF4B-00C04F79EFBC}") = "ZamboniLib", "PSO2-Aqua-Library\ZamboniLib\ZamboniLib\ZamboniLib.csproj", "{84D63988-81DE-4639-8E44-FE5A25EDDC97}"
EndProject
Global
	GlobalSection(SolutionConfigurationPlatforms) = preSolution
		Debug|Any CPU = Debug|Any CPU
		Debug|x64 = Debug|x64
		Debug|x86 = Debug|x86
		Release|Any CPU = Release|Any CPU
		Release|x64 = Release|x64
		Release|x86 = Release|x86
	EndGlobalSection
	GlobalSection(ProjectConfigurationPlatforms) = postSolution
		{8D9FAAF9-1438-4FD8-B229-98B494E236FB}.Debug|Any CPU.ActiveCfg = Debug|Any CPU
		{8D9FAAF9-1438-4FD8-B229-98B494E236FB}.Debug|Any CPU.Build.0 = Debug|Any CPU
		{8D9FAAF9-1438-4FD8-B229-98B494E236FB}.Debug|x64.ActiveCfg = Debug|Any CPU
		{8D9FAAF9-1438-4FD8-B229-98B494E236FB}.Debug|x64.Build.0 = Debug|Any CPU
		{8D9FAAF9-1438-4FD8-B229-98B494E236FB}.Debug|x86.ActiveCfg = Debug|Any CPU
		{8D9FAAF9-1438-4FD8-B229-98B494E236FB}.Debug|x86.Build.0 = Debug|Any CPU
		{8D9FAAF9-1438-4FD8-B229-98B494E236FB}.Release|Any CPU.ActiveCfg = Release|Any CPU
		{8D9FAAF9-1438-4FD8-B229-98B494E236FB}.Release|Any CPU.Build.0 = Release|Any CPU
		{8D9FAAF9-1438-4FD8-B229-98B494E236FB}.Release|x64.ActiveCfg = Release|Any CPU
		{8D9FAAF9-1438-4FD8-B229-98B494E236FB}.Release|x64.Build.0 = Release|Any CPU
		{8D9FAAF9-1438-4FD8-B229-98B494E236FB}.Release|x86.ActiveCfg = Release|Any CPU
		{8D9FAAF9-1438-4FD8-B229-98B494E236FB}.Release|x86.Build.0 = Release|Any CPU
		{916EE3EF-E220-4938-8299-B8F966C0FE83}.Debug|Any CPU.ActiveCfg = Debug|Any CPU
		{916EE3EF-E220-4938-8299-B8F966C0FE83}.Debug|Any CPU.Build.0 = Debug|Any CPU
		{916EE3EF-E220-4938-8299-B8F966C0FE83}.Debug|x64.ActiveCfg = Debug|Any CPU
		{916EE3EF-E220-4938-8299-B8F966C0FE83}.Debug|x64.Build.0 = Debug|Any CPU
		{916EE3EF-E220-4938-8299-B8F966C0FE83}.Debug|x86.ActiveCfg = Debug|Any CPU
		{916EE3EF-E220-4938-8299-B8F966C0FE83}.Debug|x86.Build.0 = Debug|Any CPU
		{916EE3EF-E220-4938-8299-B8F966C0FE83}.Release|Any CPU.ActiveCfg = Release|Any CPU
		{916EE3EF-E220-4938-8299-B8F966C0FE83}.Release|Any CPU.Build.0 = Release|Any CPU
		{916EE3EF-E220-4938-8299-B8F966C0FE83}.Release|x64.ActiveCfg = Release|Any CPU
		{916EE3EF-E220-4938-8299-B8F966C0FE83}.Release|x64.Build.0 = Release|Any CPU
		{916EE3EF-E220-4938-8299-B8F966C0FE83}.Release|x86.ActiveCfg = Release|Any CPU
		{916EE3EF-E220-4938-8299-B8F966C0FE83}.Release|x86.Build.0 = Release|Any CPU
		{AEDF0E12-58A3-482F-8369-9080E59A37FB}.Debug|Any CPU.ActiveCfg = Debug|Any CPU
		{AEDF0E12-58A3-482F-8369-9080E59A37FB}.Debug|Any CPU.Build.0 = Debug|Any CPU
		{AEDF0E12-58A3-482F-8369-9080E59A37FB}.Debug|x64.ActiveCfg = Debug|Any CPU
		{AEDF0E12-58A3-482F-8369-9080E59A37FB}.Debug|x64.Build.0 = Debug|Any CPU
		{AEDF0E12-58A3-482F-8369-9080E59A37FB}.Debug|x86.ActiveCfg = Debug|Any CPU
		{AEDF0E12-58A3-482F-8369-9080E59A37FB}.Debug|x86.Build.0 = Debug|Any CPU
		{AEDF0E12-58A3-482F-8369-9080E59A37FB}.Release|Any CPU.ActiveCfg = Release|Any CPU
		{AEDF0E12-58A3-482F-8369-9080E59A37FB}.Release|Any CPU.Build.0 = Release|Any CPU
		{AEDF0E12-58A3-482F-8369-9080E59A37FB}.Release|x64.ActiveCfg = Release|Any CPU
		{AEDF0E12-58A3-482F-8369-9080E59A37FB}.Release|x64.Build.0 = Release|Any CPU
		{AEDF0E12-58A3-482F-8369-9080E59A37FB}.Release|x86.ActiveCfg = Release|Any CPU
		{AEDF0E12-58A3-482F-8369-9080E59A37FB}.Release|x86.Build.0 = Release|Any CPU
		{044E9BAB-413F-40C8-BC36-FDACD7BF5847}.Debug|Any CPU.ActiveCfg = Debug|Any CPU
		{044E9BAB-413F-40C8-BC36-FDACD7BF5847}.Debug|Any CPU.Build.0 = Debug|Any CPU
		{044E9BAB-413F-40C8-BC36-FDACD7BF5847}.Debug|x64.ActiveCfg = Debug|Any CPU
		{044E9BAB-413F-40C8-BC36-FDACD7BF5847}.Debug|x64.Build.0 = Debug|Any CPU
		{044E9BAB-413F-40C8-BC36-FDACD7BF5847}.Debug|x86.ActiveCfg = Debug|Any CPU
		{044E9BAB-413F-40C8-BC36-FDACD7BF5847}.Debug|x86.Build.0 = Debug|Any CPU
		{044E9BAB-413F-40C8-BC36-FDACD7BF5847}.Release|Any CPU.ActiveCfg = Release|Any CPU
		{044E9BAB-413F-40C8-BC36-FDACD7BF5847}.Release|Any CPU.Build.0 = Release|Any CPU
		{044E9BAB-413F-40C8-BC36-FDACD7BF5847}.Release|x64.ActiveCfg = Release|Any CPU
		{044E9BAB-413F-40C8-BC36-FDACD7BF5847}.Release|x64.Build.0 = Release|Any CPU
		{044E9BAB-413F-40C8-BC36-FDACD7BF5847}.Release|x86.ActiveCfg = Release|Any CPU
		{044E9BAB-413F-40C8-BC36-FDACD7BF5847}.Release|x86.Build.0 = Release|Any CPU
		{B8C43761-D34C-432D-B4EE-7DABCC3F9E76}.Debug|Any CPU.ActiveCfg = Debug|Any CPU
		{B8C43761-D34C-432D-B4EE-7DABCC3F9E76}.Debug|Any CPU.Build.0 = Debug|Any CPU
		{B8C43761-D34C-432D-B4EE-7DABCC3F9E76}.Debug|x64.ActiveCfg = Debug|Any CPU
		{B8C43761-D34C-432D-B4EE-7DABCC3F9E76}.Debug|x64.Build.0 = Debug|Any CPU
		{B8C43761-D34C-432D-B4EE-7DABCC3F9E76}.Debug|x86.ActiveCfg = Debug|Any CPU
		{B8C43761-D34C-432D-B4EE-7DABCC3F9E76}.Debug|x86.Build.0 = Debug|Any CPU
		{B8C43761-D34C-432D-B4EE-7DABCC3F9E76}.Release|Any CPU.ActiveCfg = Release|Any CPU
		{B8C43761-D34C-432D-B4EE-7DABCC3F9E76}.Release|Any CPU.Build.0 = Release|Any CPU
		{B8C43761-D34C-432D-B4EE-7DABCC3F9E76}.Release|x64.ActiveCfg = Release|Any CPU
		{B8C43761-D34C-432D-B4EE-7DABCC3F9E76}.Release|x64.Build.0 = Release|Any CPU
		{B8C43761-D34C-432D-B4EE-7DABCC3F9E76}.Release|x86.ActiveCfg = Release|Any CPU
		{B8C43761-D34C-432D-B4EE-7DABCC3F9E76}.Release|x86.Build.0 = Release|Any CPU
		{9F43B698-E77F-4102-9393-BFF1B59DD815}.Debug|Any CPU.ActiveCfg = Debug|Any CPU
		{9F43B698-E77F-4102-9393-BFF1B59DD815}.Debug|Any CPU.Build.0 = Debug|Any CPU
		{9F43B698-E77F-4102-9393-BFF1B59DD815}.Debug|x64.ActiveCfg = Debug|Any CPU
		{9F43B698-E77F-4102-9393-BFF1B59DD815}.Debug|x64.Build.0 = Debug|Any CPU
		{9F43B698-E77F-4102-9393-BFF1B59DD815}.Debug|x86.ActiveCfg = Debug|Any CPU
		{9F43B698-E77F-4102-9393-BFF1B59DD815}.Debug|x86.Build.0 = Debug|Any CPU
		{9F43B698-E77F-4102-9393-BFF1B59DD815}.Release|Any CPU.ActiveCfg = Release|Any CPU
		{9F43B698-E77F-4102-9393-BFF1B59DD815}.Release|Any CPU.Build.0 = Release|Any CPU
		{9F43B698-E77F-4102-9393-BFF1B59DD815}.Release|x64.ActiveCfg = Release|Any CPU
		{9F43B698-E77F-4102-9393-BFF1B59DD815}.Release|x64.Build.0 = Release|Any CPU
		{9F43B698-E77F-4102-9393-BFF1B59DD815}.Release|x86.ActiveCfg = Release|Any CPU
		{9F43B698-E77F-4102-9393-BFF1B59DD815}.Release|x86.Build.0 = Release|Any CPU
		{2C3B66BB-F1A9-4513-AB63-570D7687C6A7}.Debug|Any CPU.ActiveCfg = Debug|x64
		{2C3B66BB-F1A9-4513-AB63-570D7687C6A7}.Debug|Any CPU.Build.0 = Debug|x64
		{2C3B66BB-F1A9-4513-AB63-570D7687C6A7}.Debug|x64.ActiveCfg = Debug|x64
		{2C3B66BB-F1A9-4513-AB63-570D7687C6A7}.Debug|x64.Build.0 = Debug|x64
		{2C3B66BB-F1A9-4513-AB63-570D7687C6A7}.Debug|x86.ActiveCfg = Debug|Win32
		{2C3B66BB-F1A9-4513-AB63-570D7687C6A7}.Debug|x86.Build.0 = Debug|Win32
		{2C3B66BB-F1A9-4513-AB63-570D7687C6A7}.Release|Any CPU.ActiveCfg = Release|x64
		{2C3B66BB-F1A9-4513-AB63-570D7687C6A7}.Release|Any CPU.Build.0 = Release|x64
		{2C3B66BB-F1A9-4513-AB63-570D7687C6A7}.Release|x64.ActiveCfg = Release|x64
		{2C3B66BB-F1A9-4513-AB63-570D7687C6A7}.Release|x64.Build.0 = Release|x64
		{2C3B66BB-F1A9-4513-AB63-570D7687C6A7}.Release|x86.ActiveCfg = Release|Win32
		{2C3B66BB-F1A9-4513-AB63-570D7687C6A7}.Release|x86.Build.0 = Release|Win32
		{7FF18677-9BDF-4146-B4EE-2EF665A08A47}.Debug|Any CPU.ActiveCfg = Debug|x64
		{7FF18677-9BDF-4146-B4EE-2EF665A08A47}.Debug|Any CPU.Build.0 = Debug|x64
		{7FF18677-9BDF-4146-B4EE-2EF665A08A47}.Debug|x64.ActiveCfg = Debug|x64
		{7FF18677-9BDF-4146-B4EE-2EF665A08A47}.Debug|x64.Build.0 = Debug|x64
		{7FF18677-9BDF-4146-B4EE-2EF665A08A47}.Debug|x86.ActiveCfg = Debug|x86
		{7FF18677-9BDF-4146-B4EE-2EF665A08A47}.Debug|x86.Build.0 = Debug|x86
		{7FF18677-9BDF-4146-B4EE-2EF665A08A47}.Release|Any CPU.ActiveCfg = Release|x64
		{7FF18677-9BDF-4146-B4EE-2EF665A08A47}.Release|Any CPU.Build.0 = Release|x64
		{7FF18677-9BDF-4146-B4EE-2EF665A08A47}.Release|x64.ActiveCfg = Release|x64
		{7FF18677-9BDF-4146-B4EE-2EF665A08A47}.Release|x64.Build.0 = Release|x64
		{7FF18677-9BDF-4146-B4EE-2EF665A08A47}.Release|x86.ActiveCfg = Release|x86
		{7FF18677-9BDF-4146-B4EE-2EF665A08A47}.Release|x86.Build.0 = Release|x86
		{A2D77984-D848-4CBA-9661-2DB2E29155A3}.Debug|Any CPU.ActiveCfg = Debug|x64
		{A2D77984-D848-4CBA-9661-2DB2E29155A3}.Debug|Any CPU.Build.0 = Debug|x64
		{A2D77984-D848-4CBA-9661-2DB2E29155A3}.Debug|x64.ActiveCfg = Debug|x64
		{A2D77984-D848-4CBA-9661-2DB2E29155A3}.Debug|x64.Build.0 = Debug|x64
		{A2D77984-D848-4CBA-9661-2DB2E29155A3}.Debug|x86.ActiveCfg = Debug|x86
		{A2D77984-D848-4CBA-9661-2DB2E29155A3}.Debug|x86.Build.0 = Debug|x86
		{A2D77984-D848-4CBA-9661-2DB2E29155A3}.Release|Any CPU.ActiveCfg = Release|x64
		{A2D77984-D848-4CBA-9661-2DB2E29155A3}.Release|Any CPU.Build.0 = Release|x64
		{A2D77984-D848-4CBA-9661-2DB2E29155A3}.Release|x64.ActiveCfg = Release|x64
		{A2D77984-D848-4CBA-9661-2DB2E29155A3}.Release|x64.Build.0 = Release|x64
		{A2D77984-D848-4CBA-9661-2DB2E29155A3}.Release|x86.ActiveCfg = Release|x86
		{A2D77984-D848-4CBA-9661-2DB2E29155A3}.Release|x86.Build.0 = Release|x86
		{482AD58E-BA58-4F92-8180-F41DFA71264E}.Debug|Any CPU.ActiveCfg = Debug|Any CPU
		{482AD58E-BA58-4F92-8180-F41DFA71264E}.Debug|Any CPU.Build.0 = Debug|Any CPU
		{482AD58E-BA58-4F92-8180-F41DFA71264E}.Debug|x64.ActiveCfg = Debug|Any CPU
		{482AD58E-BA58-4F92-8180-F41DFA71264E}.Debug|x64.Build.0 = Debug|Any CPU
		{482AD58E-BA58-4F92-8180-F41DFA71264E}.Debug|x86.ActiveCfg = Debug|Any CPU
		{482AD58E-BA58-4F92-8180-F41DFA71264E}.Debug|x86.Build.0 = Debug|Any CPU
		{482AD58E-BA58-4F92-8180-F41DFA71264E}.Release|Any CPU.ActiveCfg = Release|Any CPU
		{482AD58E-BA58-4F92-8180-F41DFA71264E}.Release|Any CPU.Build.0 = Release|Any CPU
		{482AD58E-BA58-4F92-8180-F41DFA71264E}.Release|x64.ActiveCfg = Release|Any CPU
		{482AD58E-BA58-4F92-8180-F41DFA71264E}.Release|x64.Build.0 = Release|Any CPU
		{482AD58E-BA58-4F92-8180-F41DFA71264E}.Release|x86.ActiveCfg = Release|Any CPU
		{482AD58E-BA58-4F92-8180-F41DFA71264E}.Release|x86.Build.0 = Release|Any CPU
		{61866A10-B08B-4053-9714-AD997608F493}.Debug|Any CPU.ActiveCfg = Debug|Any CPU
		{61866A10-B08B-4053-9714-AD997608F493}.Debug|Any CPU.Build.0 = Debug|Any CPU
		{61866A10-B08B-4053-9714-AD997608F493}.Debug|x64.ActiveCfg = Debug|Any CPU
		{61866A10-B08B-4053-9714-AD997608F493}.Debug|x64.Build.0 = Debug|Any CPU
		{61866A10-B08B-4053-9714-AD997608F493}.Debug|x86.ActiveCfg = Debug|Any CPU
		{61866A10-B08B-4053-9714-AD997608F493}.Debug|x86.Build.0 = Debug|Any CPU
		{61866A10-B08B-4053-9714-AD997608F493}.Release|Any CPU.ActiveCfg = Release|Any CPU
		{61866A10-B08B-4053-9714-AD997608F493}.Release|Any CPU.Build.0 = Release|Any CPU
		{61866A10-B08B-4053-9714-AD997608F493}.Release|x64.ActiveCfg = Release|Any CPU
		{61866A10-B08B-4053-9714-AD997608F493}.Release|x64.Build.0 = Release|Any CPU
		{61866A10-B08B-4053-9714-AD997608F493}.Release|x86.ActiveCfg = Release|Any CPU
		{61866A10-B08B-4053-9714-AD997608F493}.Release|x86.Build.0 = Release|Any CPU
		{84D63988-81DE-4639-8E44-FE5A25EDDC97}.Debug|Any CPU.ActiveCfg = Debug|Any CPU
		{84D63988-81DE-4639-8E44-FE5A25EDDC97}.Debug|Any CPU.Build.0 = Debug|Any CPU
		{84D63988-81DE-4639-8E44-FE5A25EDDC97}.Debug|x64.ActiveCfg = Debug|Any CPU
		{84D63988-81DE-4639-8E44-FE5A25EDDC97}.Debug|x64.Build.0 = Debug|Any CPU
		{84D63988-81DE-4639-8E44-FE5A25EDDC97}.Debug|x86.ActiveCfg = Debug|Any CPU
		{84D63988-81DE-4639-8E44-FE5A25EDDC97}.Debug|x86.Build.0 = Debug|Any CPU
		{84D63988-81DE-4639-8E44-FE5A25EDDC97}.Release|Any CPU.ActiveCfg = Release|Any CPU
		{84D63988-81DE-4639-8E44-FE5A25EDDC97}.Release|Any CPU.Build.0 = Release|Any CPU
		{84D63988-81DE-4639-8E44-FE5A25EDDC97}.Release|x64.ActiveCfg = Release|Any CPU
		{84D63988-81DE-4639-8E44-FE5A25EDDC97}.Release|x64.Build.0 = Release|Any CPU
		{84D63988-81DE-4639-8E44-FE5A25EDDC97}.Release|x86.ActiveCfg = Release|Any CPU
		{84D63988-81DE-4639-8E44-FE5A25EDDC97}.Release|x86.Build.0 = Release|Any CPU
	EndGlobalSection
	GlobalSection(SolutionProperties) = preSolution
		HideSolutionNode = FALSE
	EndGlobalSection
	GlobalSection(ExtensibilityGlobals) = postSolution
		SolutionGuid = {3B572612-922A-4BD7-8902-527BF40399B4}
	EndGlobalSection
EndGlobal
